// !$*UTF8*$!
{
	archiveVersion = 1;
	classes = {
	};
	objectVersion = 56;
	objects = {

/* Begin PBXBuildFile section */
		9DDA4B3C2A15AFB000133B2E /* WordNadoFinalApp.swift in Sources */ = {isa = PBXBuildFile; fileRef = 9DDA4B3B2A15AFB000133B2E /* WordNadoFinalApp.swift */; };
		9DDA4B3E2A15AFB000133B2E /* ContentView.swift in Sources */ = {isa = PBXBuildFile; fileRef = 9DDA4B3D2A15AFB000133B2E /* ContentView.swift */; };
		9DDA4B402A15AFB200133B2E /* Assets.xcassets in Resources */ = {isa = PBXBuildFile; fileRef = 9DDA4B3F2A15AFB200133B2E /* Assets.xcassets */; };
		9DDA4B432A15AFB200133B2E /* Preview Assets.xcassets in Resources */ = {isa = PBXBuildFile; fileRef = 9DDA4B422A15AFB200133B2E /* Preview Assets.xcassets */; };
		9DDA4B4D2A15AFB300133B2E /* WordNadoFinalTests.swift in Sources */ = {isa = PBXBuildFile; fileRef = 9DDA4B4C2A15AFB300133B2E /* WordNadoFinalTests.swift */; };
		9DDA4B572A15AFB300133B2E /* WordNadoFinalUITests.swift in Sources */ = {isa = PBXBuildFile; fileRef = 9DDA4B562A15AFB300133B2E /* WordNadoFinalUITests.swift */; };
		9DDA4B592A15AFB300133B2E /* WordNadoFinalUITestsLaunchTests.swift in Sources */ = {isa = PBXBuildFile; fileRef = 9DDA4B582A15AFB300133B2E /* WordNadoFinalUITestsLaunchTests.swift */; };
		9DDA4B662A15B1CF00133B2E /* start.txt in Resources */ = {isa = PBXBuildFile; fileRef = 9DDA4B652A15B1CE00133B2E /* start.txt */; };
		9DDA4B682A15B96600133B2E /* GameView.swift in Sources */ = {isa = PBXBuildFile; fileRef = 9DDA4B672A15B96500133B2E /* GameView.swift */; };
		9DDA4B6A2A15CA8200133B2E /* InstructionView.swift in Sources */ = {isa = PBXBuildFile; fileRef = 9DDA4B692A15CA8200133B2E /* InstructionView.swift */; };
/* End PBXBuildFile section */

/* Begin PBXContainerItemProxy section */
		9DDA4B492A15AFB300133B2E /* PBXContainerItemProxy */ = {
			isa = PBXContainerItemProxy;
			containerPortal = 9DDA4B302A15AFB000133B2E /* Project object */;
			proxyType = 1;
			remoteGlobalIDString = 9DDA4B372A15AFB000133B2E;
			remoteInfo = WordNadoFinal;
		};
		9DDA4B532A15AFB300133B2E /* PBXContainerItemProxy */ = {
			isa = PBXContainerItemProxy;
			containerPortal = 9DDA4B302A15AFB000133B2E /* Project object */;
			proxyType = 1;
			remoteGlobalIDString = 9DDA4B372A15AFB000133B2E;
			remoteInfo = WordNadoFinal;
		};
/* End PBXContainerItemProxy section */

/* Begin PBXFileReference section */
		9DDA4B382A15AFB000133B2E /* WordNadoFinal.app */ = {isa = PBXFileReference; explicitFileType = wrapper.application; includeInIndex = 0; path = WordNadoFinal.app; sourceTree = BUILT_PRODUCTS_DIR; };
		9DDA4B3B2A15AFB000133B2E /* WordNadoFinalApp.swift */ = {isa = PBXFileReference; lastKnownFileType = sourcecode.swift; path = WordNadoFinalApp.swift; sourceTree = "<group>"; };
		9DDA4B3D2A15AFB000133B2E /* ContentView.swift */ = {isa = PBXFileReference; lastKnownFileType = sourcecode.swift; path = ContentView.swift; sourceTree = "<group>"; };
		9DDA4B3F2A15AFB200133B2E /* Assets.xcassets */ = {isa = PBXFileReference; lastKnownFileType = folder.assetcatalog; path = Assets.xcassets; sourceTree = "<group>"; };
		9DDA4B422A15AFB200133B2E /* Preview Assets.xcassets */ = {isa = PBXFileReference; lastKnownFileType = folder.assetcatalog; path = "Preview Assets.xcassets"; sourceTree = "<group>"; };
		9DDA4B482A15AFB300133B2E /* WordNadoFinalTests.xctest */ = {isa = PBXFileReference; explicitFileType = wrapper.cfbundle; includeInIndex = 0; path = WordNadoFinalTests.xctest; sourceTree = BUILT_PRODUCTS_DIR; };
		9DDA4B4C2A15AFB300133B2E /* WordNadoFinalTests.swift */ = {isa = PBXFileReference; lastKnownFileType = sourcecode.swift; path = WordNadoFinalTests.swift; sourceTree = "<group>"; };
		9DDA4B522A15AFB300133B2E /* WordNadoFinalUITests.xctest */ = {isa = PBXFileReference; explicitFileType = wrapper.cfbundle; includeInIndex = 0; path = WordNadoFinalUITests.xctest; sourceTree = BUILT_PRODUCTS_DIR; };
		9DDA4B562A15AFB300133B2E /* WordNadoFinalUITests.swift */ = {isa = PBXFileReference; lastKnownFileType = sourcecode.swift; path = WordNadoFinalUITests.swift; sourceTree = "<group>"; };
		9DDA4B582A15AFB300133B2E /* WordNadoFinalUITestsLaunchTests.swift */ = {isa = PBXFileReference; lastKnownFileType = sourcecode.swift; path = WordNadoFinalUITestsLaunchTests.swift; sourceTree = "<group>"; };
		9DDA4B652A15B1CE00133B2E /* start.txt */ = {isa = PBXFileReference; fileEncoding = 4; lastKnownFileType = text; path = start.txt; sourceTree = "<group>"; };
		9DDA4B672A15B96500133B2E /* GameView.swift */ = {isa = PBXFileReference; lastKnownFileType = sourcecode.swift; path = GameView.swift; sourceTree = "<group>"; };
		9DDA4B692A15CA8200133B2E /* InstructionView.swift */ = {isa = PBXFileReference; lastKnownFileType = sourcecode.swift; path = InstructionView.swift; sourceTree = "<group>"; };
/* End PBXFileReference section */

/* Begin PBXFrameworksBuildPhase section */
		9DDA4B352A15AFB000133B2E /* Frameworks */ = {
			isa = PBXFrameworksBuildPhase;
			buildActionMask = 2147483647;
			files = (
			);
			runOnlyForDeploymentPostprocessing = 0;
		};
		9DDA4B452A15AFB300133B2E /* Frameworks */ = {
			isa = PBXFrameworksBuildPhase;
			buildActionMask = 2147483647;
			files = (
			);
			runOnlyForDeploymentPostprocessing = 0;
		};
		9DDA4B4F2A15AFB300133B2E /* Frameworks */ = {
			isa = PBXFrameworksBuildPhase;
			buildActionMask = 2147483647;
			files = (
			);
			runOnlyForDeploymentPostprocessing = 0;
		};
/* End PBXFrameworksBuildPhase section */

/* Begin PBXGroup section */
		9DDA4B2F2A15AFB000133B2E = {
			isa = PBXGroup;
			children = (
				9DDA4B3A2A15AFB000133B2E /* WordNadoFinal */,
				9DDA4B4B2A15AFB300133B2E /* WordNadoFinalTests */,
				9DDA4B552A15AFB300133B2E /* WordNadoFinalUITests */,
				9DDA4B392A15AFB000133B2E /* Products */,
			);
			sourceTree = "<group>";
		};
		9DDA4B392A15AFB000133B2E /* Products */ = {
			isa = PBXGroup;
			children = (
				9DDA4B382A15AFB000133B2E /* WordNadoFinal.app */,
				9DDA4B482A15AFB300133B2E /* WordNadoFinalTests.xctest */,
				9DDA4B522A15AFB300133B2E /* WordNadoFinalUITests.xctest */,
			);
			name = Products;
			sourceTree = "<group>";
		};
		9DDA4B3A2A15AFB000133B2E /* WordNadoFinal */ = {
			isa = PBXGroup;
			children = (
				9DDA4B3B2A15AFB000133B2E /* WordNadoFinalApp.swift */,
				9DDA4B3D2A15AFB000133B2E /* ContentView.swift */,
				9DDA4B692A15CA8200133B2E /* InstructionView.swift */,
				9DDA4B672A15B96500133B2E /* GameView.swift */,
				9DDA4B652A15B1CE00133B2E /* start.txt */,
				9DDA4B3F2A15AFB200133B2E /* Assets.xcassets */,
				9DDA4B412A15AFB200133B2E /* Preview Content */,
			);
			path = WordNadoFinal;
			sourceTree = "<group>";
		};
		9DDA4B412A15AFB200133B2E /* Preview Content */ = {
			isa = PBXGroup;
			children = (
				9DDA4B422A15AFB200133B2E /* Preview Assets.xcassets */,
			);
			path = "Preview Content";
			sourceTree = "<group>";
		};
		9DDA4B4B2A15AFB300133B2E /* WordNadoFinalTests */ = {
			isa = PBXGroup;
			children = (
				9DDA4B4C2A15AFB300133B2E /* WordNadoFinalTests.swift */,
			);
			path = WordNadoFinalTests;
			sourceTree = "<group>";
		};
		9DDA4B552A15AFB300133B2E /* WordNadoFinalUITests */ = {
			isa = PBXGroup;
			children = (
				9DDA4B562A15AFB300133B2E /* WordNadoFinalUITests.swift */,
				9DDA4B582A15AFB300133B2E /* WordNadoFinalUITestsLaunchTests.swift */,
			);
			path = WordNadoFinalUITests;
			sourceTree = "<group>";
		};
/* End PBXGroup section */

/* Begin PBXNativeTarget section */
		9DDA4B372A15AFB000133B2E /* WordNadoFinal */ = {
			isa = PBXNativeTarget;
			buildConfigurationList = 9DDA4B5C2A15AFB300133B2E /* Build configuration list for PBXNativeTarget "WordNadoFinal" */;
			buildPhases = (
				9DDA4B342A15AFB000133B2E /* Sources */,
				9DDA4B352A15AFB000133B2E /* Frameworks */,
				9DDA4B362A15AFB000133B2E /* Resources */,
			);
			buildRules = (
			);
			dependencies = (
			);
			name = WordNadoFinal;
			productName = WordNadoFinal;
			productReference = 9DDA4B382A15AFB000133B2E /* WordNadoFinal.app */;
			productType = "com.apple.product-type.application";
		};
		9DDA4B472A15AFB300133B2E /* WordNadoFinalTests */ = {
			isa = PBXNativeTarget;
			buildConfigurationList = 9DDA4B5F2A15AFB300133B2E /* Build configuration list for PBXNativeTarget "WordNadoFinalTests" */;
			buildPhases = (
				9DDA4B442A15AFB300133B2E /* Sources */,
				9DDA4B452A15AFB300133B2E /* Frameworks */,
				9DDA4B462A15AFB300133B2E /* Resources */,
			);
			buildRules = (
			);
			dependencies = (
				9DDA4B4A2A15AFB300133B2E /* PBXTargetDependency */,
			);
			name = WordNadoFinalTests;
			productName = WordNadoFinalTests;
			productReference = 9DDA4B482A15AFB300133B2E /* WordNadoFinalTests.xctest */;
			productType = "com.apple.product-type.bundle.unit-test";
		};
		9DDA4B512A15AFB300133B2E /* WordNadoFinalUITests */ = {
			isa = PBXNativeTarget;
			buildConfigurationList = 9DDA4B622A15AFB300133B2E /* Build configuration list for PBXNativeTarget "WordNadoFinalUITests" */;
			buildPhases = (
				9DDA4B4E2A15AFB300133B2E /* Sources */,
				9DDA4B4F2A15AFB300133B2E /* Frameworks */,
				9DDA4B502A15AFB300133B2E /* Resources */,
			);
			buildRules = (
			);
			dependencies = (
				9DDA4B542A15AFB300133B2E /* PBXTargetDependency */,
			);
			name = WordNadoFinalUITests;
			productName = WordNadoFinalUITests;
			productReference = 9DDA4B522A15AFB300133B2E /* WordNadoFinalUITests.xctest */;
			productType = "com.apple.product-type.bundle.ui-testing";
		};
/* End PBXNativeTarget section */

/* Begin PBXProject section */
		9DDA4B302A15AFB000133B2E /* Project object */ = {
			isa = PBXProject;
			attributes = {
				BuildIndependentTargetsInParallel = 1;
				LastSwiftUpdateCheck = 1430;
				LastUpgradeCheck = 1430;
				TargetAttributes = {
					9DDA4B372A15AFB000133B2E = {
						CreatedOnToolsVersion = 14.3;
					};
					9DDA4B472A15AFB300133B2E = {
						CreatedOnToolsVersion = 14.3;
						TestTargetID = 9DDA4B372A15AFB000133B2E;
					};
					9DDA4B512A15AFB300133B2E = {
						CreatedOnToolsVersion = 14.3;
						TestTargetID = 9DDA4B372A15AFB000133B2E;
					};
				};
			};
			buildConfigurationList = 9DDA4B332A15AFB000133B2E /* Build configuration list for PBXProject "WordNadoFinal" */;
			compatibilityVersion = "Xcode 14.0";
			developmentRegion = en;
			hasScannedForEncodings = 0;
			knownRegions = (
				en,
				Base,
			);
			mainGroup = 9DDA4B2F2A15AFB000133B2E;
			productRefGroup = 9DDA4B392A15AFB000133B2E /* Products */;
			projectDirPath = "";
			projectRoot = "";
			targets = (
				9DDA4B372A15AFB000133B2E /* WordNadoFinal */,
				9DDA4B472A15AFB300133B2E /* WordNadoFinalTests */,
				9DDA4B512A15AFB300133B2E /* WordNadoFinalUITests */,
			);
		};
/* End PBXProject section */

/* Begin PBXResourcesBuildPhase section */
		9DDA4B362A15AFB000133B2E /* Resources */ = {
			isa = PBXResourcesBuildPhase;
			buildActionMask = 2147483647;
			files = (
				9DDA4B432A15AFB200133B2E /* Preview Assets.xcassets in Resources */,
				9DDA4B662A15B1CF00133B2E /* start.txt in Resources */,
				9DDA4B402A15AFB200133B2E /* Assets.xcassets in Resources */,
			);
			runOnlyForDeploymentPostprocessing = 0;
		};
		9DDA4B462A15AFB300133B2E /* Resources */ = {
			isa = PBXResourcesBuildPhase;
			buildActionMask = 2147483647;
			files = (
			);
			runOnlyForDeploymentPostprocessing = 0;
		};
		9DDA4B502A15AFB300133B2E /* Resources */ = {
			isa = PBXResourcesBuildPhase;
			buildActionMask = 2147483647;
			files = (
			);
			runOnlyForDeploymentPostprocessing = 0;
		};
/* End PBXResourcesBuildPhase section */

/* Begin PBXSourcesBuildPhase section */
		9DDA4B342A15AFB000133B2E /* Sources */ = {
			isa = PBXSourcesBuildPhase;
			buildActionMask = 2147483647;
			files = (
				9DDA4B3E2A15AFB000133B2E /* ContentView.swift in Sources */,
				9DDA4B6A2A15CA8200133B2E /* InstructionView.swift in Sources */,
				9DDA4B682A15B96600133B2E /* GameView.swift in Sources */,
				9DDA4B3C2A15AFB000133B2E /* WordNadoFinalApp.swift in Sources */,
			);
			runOnlyForDeploymentPostprocessing = 0;
		};
		9DDA4B442A15AFB300133B2E /* Sources */ = {
			isa = PBXSourcesBuildPhase;
			buildActionMask = 2147483647;
			files = (
				9DDA4B4D2A15AFB300133B2E /* WordNadoFinalTests.swift in Sources */,
			);
			runOnlyForDeploymentPostprocessing = 0;
		};
		9DDA4B4E2A15AFB300133B2E /* Sources */ = {
			isa = PBXSourcesBuildPhase;
			buildActionMask = 2147483647;
			files = (
				9DDA4B572A15AFB300133B2E /* WordNadoFinalUITests.swift in Sources */,
				9DDA4B592A15AFB300133B2E /* WordNadoFinalUITestsLaunchTests.swift in Sources */,
			);
			runOnlyForDeploymentPostprocessing = 0;
		};
/* End PBXSourcesBuildPhase section */

/* Begin PBXTargetDependency section */
		9DDA4B4A2A15AFB300133B2E /* PBXTargetDependency */ = {
			isa = PBXTargetDependency;
			target = 9DDA4B372A15AFB000133B2E /* WordNadoFinal */;
			targetProxy = 9DDA4B492A15AFB300133B2E /* PBXContainerItemProxy */;
		};
		9DDA4B542A15AFB300133B2E /* PBXTargetDependency */ = {
			isa = PBXTargetDependency;
			target = 9DDA4B372A15AFB000133B2E /* WordNadoFinal */;
			targetProxy = 9DDA4B532A15AFB300133B2E /* PBXContainerItemProxy */;
		};
/* End PBXTargetDependency section */

/* Begin XCBuildConfiguration section */
		9DDA4B5A2A15AFB300133B2E /* Debug */ = {
			isa = XCBuildConfiguration;
			buildSettings = {
				ALWAYS_SEARCH_USER_PATHS = NO;
				CLANG_ANALYZER_NONNULL = YES;
				CLANG_ANALYZER_NUMBER_OBJECT_CONVERSION = YES_AGGRESSIVE;
				CLANG_CXX_LANGUAGE_STANDARD = "gnu++20";
				CLANG_ENABLE_MODULES = YES;
				CLANG_ENABLE_OBJC_ARC = YES;
				CLANG_ENABLE_OBJC_WEAK = YES;
				CLANG_WARN_BLOCK_CAPTURE_AUTORELEASING = YES;
				CLANG_WARN_BOOL_CONVERSION = YES;
				CLANG_WARN_COMMA = YES;
				CLANG_WARN_CONSTANT_CONVERSION = YES;
				CLANG_WARN_DEPRECATED_OBJC_IMPLEMENTATIONS = YES;
				CLANG_WARN_DIRECT_OBJC_ISA_USAGE = YES_ERROR;
				CLANG_WARN_DOCUMENTATION_COMMENTS = YES;
				CLANG_WARN_EMPTY_BODY = YES;
				CLANG_WARN_ENUM_CONVERSION = YES;
				CLANG_WARN_INFINITE_RECURSION = YES;
				CLANG_WARN_INT_CONVERSION = YES;
				CLANG_WARN_NON_LITERAL_NULL_CONVERSION = YES;
				CLANG_WARN_OBJC_IMPLICIT_RETAIN_SELF = YES;
				CLANG_WARN_OBJC_LITERAL_CONVERSION = YES;
				CLANG_WARN_OBJC_ROOT_CLASS = YES_ERROR;
				CLANG_WARN_QUOTED_INCLUDE_IN_FRAMEWORK_HEADER = YES;
				CLANG_WARN_RANGE_LOOP_ANALYSIS = YES;
				CLANG_WARN_STRICT_PROTOTYPES = YES;
				CLANG_WARN_SUSPICIOUS_MOVE = YES;
				CLANG_WARN_UNGUARDED_AVAILABILITY = YES_AGGRESSIVE;
				CLANG_WARN_UNREACHABLE_CODE = YES;
				CLANG_WARN__DUPLICATE_METHOD_MATCH = YES;
				COPY_PHASE_STRIP = NO;
				DEBUG_INFORMATION_FORMAT = dwarf;
				ENABLE_STRICT_OBJC_MSGSEND = YES;
				ENABLE_TESTABILITY = YES;
				GCC_C_LANGUAGE_STANDARD = gnu11;
				GCC_DYNAMIC_NO_PIC = NO;
				GCC_NO_COMMON_BLOCKS = YES;
				GCC_OPTIMIZATION_LEVEL = 0;
				GCC_PREPROCESSOR_DEFINITIONS = (
					"DEBUG=1",
					"$(inherited)",
				);
				GCC_WARN_64_TO_32_BIT_CONVERSION = YES;
				GCC_WARN_ABOUT_RETURN_TYPE = YES_ERROR;
				GCC_WARN_UNDECLARED_SELECTOR = YES;
				GCC_WARN_UNINITIALIZED_AUTOS = YES_AGGRESSIVE;
				GCC_WARN_UNUSED_FUNCTION = YES;
				GCC_WARN_UNUSED_VARIABLE = YES;
				IPHONEOS_DEPLOYMENT_TARGET = 16.4;
				MTL_ENABLE_DEBUG_INFO = INCLUDE_SOURCE;
				MTL_FAST_MATH = YES;
				ONLY_ACTIVE_ARCH = YES;
				SDKROOT = iphoneos;
				SWIFT_ACTIVE_COMPILATION_CONDITIONS = DEBUG;
				SWIFT_OPTIMIZATION_LEVEL = "-Onone";
			};
			name = Debug;
		};
		9DDA4B5B2A15AFB300133B2E /* Release */ = {
			isa = XCBuildConfiguration;
			buildSettings = {
				ALWAYS_SEARCH_USER_PATHS = NO;
				CLANG_ANALYZER_NONNULL = YES;
				CLANG_ANALYZER_NUMBER_OBJECT_CONVERSION = YES_AGGRESSIVE;
				CLANG_CXX_LANGUAGE_STANDARD = "gnu++20";
				CLANG_ENABLE_MODULES = YES;
				CLANG_ENABLE_OBJC_ARC = YES;
				CLANG_ENABLE_OBJC_WEAK = YES;
				CLANG_WARN_BLOCK_CAPTURE_AUTORELEASING = YES;
				CLANG_WARN_BOOL_CONVERSION = YES;
				CLANG_WARN_COMMA = YES;
				CLANG_WARN_CONSTANT_CONVERSION = YES;
				CLANG_WARN_DEPRECATED_OBJC_IMPLEMENTATIONS = YES;
				CLANG_WARN_DIRECT_OBJC_ISA_USAGE = YES_ERROR;
				CLANG_WARN_DOCUMENTATION_COMMENTS = YES;
				CLANG_WARN_EMPTY_BODY = YES;
				CLANG_WARN_ENUM_CONVERSION = YES;
				CLANG_WARN_INFINITE_RECURSION = YES;
				CLANG_WARN_INT_CONVERSION = YES;
				CLANG_WARN_NON_LITERAL_NULL_CONVERSION = YES;
				CLANG_WARN_OBJC_IMPLICIT_RETAIN_SELF = YES;
				CLANG_WARN_OBJC_LITERAL_CONVERSION = YES;
				CLANG_WARN_OBJC_ROOT_CLASS = YES_ERROR;
				CLANG_WARN_QUOTED_INCLUDE_IN_FRAMEWORK_HEADER = YES;
				CLANG_WARN_RANGE_LOOP_ANALYSIS = YES;
				CLANG_WARN_STRICT_PROTOTYPES = YES;
				CLANG_WARN_SUSPICIOUS_MOVE = YES;
				CLANG_WARN_UNGUARDED_AVAILABILITY = YES_AGGRESSIVE;
				CLANG_WARN_UNREACHABLE_CODE = YES;
				CLANG_WARN__DUPLICATE_METHOD_MATCH = YES;
				COPY_PHASE_STRIP = NO;
				DEBUG_INFORMATION_FORMAT = "dwarf-with-dsym";
				ENABLE_NS_ASSERTIONS = NO;
				ENABLE_STRICT_OBJC_MSGSEND = YES;
				GCC_C_LANGUAGE_STANDARD = gnu11;
				GCC_NO_COMMON_BLOCKS = YES;
				GCC_WARN_64_TO_32_BIT_CONVERSION = YES;
				GCC_WARN_ABOUT_RETURN_TYPE = YES_ERROR;
				GCC_WARN_UNDECLARED_SELECTOR = YES;
				GCC_WARN_UNINITIALIZED_AUTOS = YES_AGGRESSIVE;
				GCC_WARN_UNUSED_FUNCTION = YES;
				GCC_WARN_UNUSED_VARIABLE = YES;
				IPHONEOS_DEPLOYMENT_TARGET = 16.4;
				MTL_ENABLE_DEBUG_INFO = NO;
				MTL_FAST_MATH = YES;
				SDKROOT = iphoneos;
				SWIFT_COMPILATION_MODE = wholemodule;
				SWIFT_OPTIMIZATION_LEVEL = "-O";
				VALIDATE_PRODUCT = YES;
			};
			name = Release;
		};
		9DDA4B5D2A15AFB300133B2E /* Debug */ = {
			isa = XCBuildConfiguration;
			buildSettings = {
				ASSETCATALOG_COMPILER_APPICON_NAME = AppIcon;
				ASSETCATALOG_COMPILER_GLOBAL_ACCENT_COLOR_NAME = AccentColor;
				CODE_SIGN_STYLE = Automatic;
				CURRENT_PROJECT_VERSION = 1;
				DEVELOPMENT_ASSET_PATHS = "\"WordNadoFinal/Preview Content\"";
				DEVELOPMENT_TEAM = 9RU3PYM623;
				ENABLE_PREVIEWS = YES;
				GENERATE_INFOPLIST_FILE = YES;
				INFOPLIST_KEY_UIApplicationSceneManifest_Generation = YES;
				INFOPLIST_KEY_UIApplicationSupportsIndirectInputEvents = YES;
				INFOPLIST_KEY_UILaunchScreen_Generation = YES;
				INFOPLIST_KEY_UISupportedInterfaceOrientations_iPad = "UIInterfaceOrientationPortrait UIInterfaceOrientationPortraitUpsideDown UIInterfaceOrientationLandscapeLeft UIInterfaceOrientationLandscapeRight";
				INFOPLIST_KEY_UISupportedInterfaceOrientations_iPhone = "UIInterfaceOrientationPortrait UIInterfaceOrientationLandscapeLeft UIInterfaceOrientationLandscapeRight";
				LD_RUNPATH_SEARCH_PATHS = (
					"$(inherited)",
					"@executable_path/Frameworks",
				);
				MARKETING_VERSION = 1.0;
				PRODUCT_BUNDLE_IDENTIFIER = NguyenSoftware.WordNadoFinal;
				PRODUCT_NAME = "$(TARGET_NAME)";
				SWIFT_EMIT_LOC_STRINGS = YES;
				SWIFT_VERSION = 5.0;
				TARGETED_DEVICE_FAMILY = "1,2";
			};
			name = Debug;
		};
		9DDA4B5E2A15AFB300133B2E /* Release */ = {
			isa = XCBuildConfiguration;
			buildSettings = {
				ASSETCATALOG_COMPILER_APPICON_NAME = AppIcon;
				ASSETCATALOG_COMPILER_GLOBAL_ACCENT_COLOR_NAME = AccentColor;
				CODE_SIGN_STYLE = Automatic;
				CURRENT_PROJECT_VERSION = 1;
				DEVELOPMENT_ASSET_PATHS = "\"WordNadoFinal/Preview Content\"";
				DEVELOPMENT_TEAM = 9RU3PYM623;
				ENABLE_PREVIEWS = YES;
				GENERATE_INFOPLIST_FILE = YES;
				INFOPLIST_KEY_UIApplicationSceneManifest_Generation = YES;
				INFOPLIST_KEY_UIApplicationSupportsIndirectInputEvents = YES;
				INFOPLIST_KEY_UILaunchScreen_Generation = YES;
				INFOPLIST_KEY_UISupportedInterfaceOrientations_iPad = "UIInterfaceOrientationPortrait UIInterfaceOrientationPortraitUpsideDown UIInterfaceOrientationLandscapeLeft UIInterfaceOrientationLandscapeRight";
				INFOPLIST_KEY_UISupportedInterfaceOrientations_iPhone = "UIInterfaceOrientationPortrait UIInterfaceOrientationLandscapeLeft UIInterfaceOrientationLandscapeRight";
				LD_RUNPATH_SEARCH_PATHS = (
					"$(inherited)",
					"@executable_path/Frameworks",
				);
				MARKETING_VERSION = 1.0;
				PRODUCT_BUNDLE_IDENTIFIER = NguyenSoftware.WordNadoFinal;
				PRODUCT_NAME = "$(TARGET_NAME)";
				SWIFT_EMIT_LOC_STRINGS = YES;
				SWIFT_VERSION = 5.0;
				TARGETED_DEVICE_FAMILY = "1,2";
			};
			name = Release;
		};
		9DDA4B602A15AFB300133B2E /* Debug */ = {
			isa = XCBuildConfiguration;
			buildSettings = {
				ALWAYS_EMBED_SWIFT_STANDARD_LIBRARIES = YES;
				BUNDLE_LOADER = "$(TEST_HOST)";
				CODE_SIGN_STYLE = Automatic;
				CURRENT_PROJECT_VERSION = 1;
				DEVELOPMENT_TEAM = 9RU3PYM623;
				GENERATE_INFOPLIST_FILE = YES;
				IPHONEOS_DEPLOYMENT_TARGET = 16.4;
				MARKETING_VERSION = 1.0;
				PRODUCT_BUNDLE_IDENTIFIER = NguyenSoftware.WordNadoFinalTests;
				PRODUCT_NAME = "$(TARGET_NAME)";
				SWIFT_EMIT_LOC_STRINGS = NO;
				SWIFT_VERSION = 5.0;
				TARGETED_DEVICE_FAMILY = "1,2";
				TEST_HOST = "$(BUILT_PRODUCTS_DIR)/WordNadoFinal.app/$(BUNDLE_EXECUTABLE_FOLDER_PATH)/WordNadoFinal";
			};
			name = Debug;
		};
		9DDA4B612A15AFB300133B2E /* Release */ = {
			isa = XCBuildConfiguration;
			buildSettings = {
				ALWAYS_EMBED_SWIFT_STANDARD_LIBRARIES = YES;
				BUNDLE_LOADER = "$(TEST_HOST)";
				CODE_SIGN_STYLE = Automatic;
				CURRENT_PROJECT_VERSION = 1;
				DEVELOPMENT_TEAM = 9RU3PYM623;
				GENERATE_INFOPLIST_FILE = YES;
				IPHONEOS_DEPLOYMENT_TARGET = 16.4;
				MARKETING_VERSION = 1.0;
				PRODUCT_BUNDLE_IDENTIFIER = NguyenSoftware.WordNadoFinalTests;
				PRODUCT_NAME = "$(TARGET_NAME)";
				SWIFT_EMIT_LOC_STRINGS = NO;
				SWIFT_VERSION = 5.0;
				TARGETED_DEVICE_FAMILY = "1,2";
				TEST_HOST = "$(BUILT_PRODUCTS_DIR)/WordNadoFinal.app/$(BUNDLE_EXECUTABLE_FOLDER_PATH)/WordNadoFinal";
			};
			name = Release;
		};
		9DDA4B632A15AFB300133B2E /* Debug */ = {
			isa = XCBuildConfiguration;
			buildSettings = {
				ALWAYS_EMBED_SWIFT_STANDARD_LIBRARIES = YES;
				CODE_SIGN_STYLE = Automatic;
				CURRENT_PROJECT_VERSION = 1;
				DEVELOPMENT_TEAM = 9RU3PYM623;
				GENERATE_INFOPLIST_FILE = YES;
				MARKETING_VERSION = 1.0;
				PRODUCT_BUNDLE_IDENTIFIER = NguyenSoftware.WordNadoFinalUITests;
				PRODUCT_NAME = "$(TARGET_NAME)";
				SWIFT_EMIT_LOC_STRINGS = NO;
				SWIFT_VERSION = 5.0;
				TARGETED_DEVICE_FAMILY = "1,2";
				TEST_TARGET_NAME = WordNadoFinal;
			};
			name = Debug;
		};
		9DDA4B642A15AFB300133B2E /* Release */ = {
			isa = XCBuildConfiguration;
			buildSettings = {
				ALWAYS_EMBED_SWIFT_STANDARD_LIBRARIES = YES;
				CODE_SIGN_STYLE = Automatic;
				CURRENT_PROJECT_VERSION = 1;
				DEVELOPMENT_TEAM = 9RU3PYM623;
				GENERATE_INFOPLIST_FILE = YES;
				MARKETING_VERSION = 1.0;
				PRODUCT_BUNDLE_IDENTIFIER = NguyenSoftware.WordNadoFinalUITests;
				PRODUCT_NAME = "$(TARGET_NAME)";
				SWIFT_EMIT_LOC_STRINGS = NO;
				SWIFT_VERSION = 5.0;
				TARGETED_DEVICE_FAMILY = "1,2";
				TEST_TARGET_NAME = WordNadoFinal;
			};
			name = Release;
		};
/* End XCBuildConfiguration section */

/* Begin XCConfigurationList section */
		9DDA4B332A15AFB000133B2E /* Build configuration list for PBXProject "WordNadoFinal" */ = {
			isa = XCConfigurationList;
			buildConfigurations = (
				9DDA4B5A2A15AFB300133B2E /* Debug */,
				9DDA4B5B2A15AFB300133B2E /* Release */,
			);
			defaultConfigurationIsVisible = 0;
			defaultConfigurationName = Release;
		};
		9DDA4B5C2A15AFB300133B2E /* Build configuration list for PBXNativeTarget "WordNadoFinal" */ = {
			isa = XCConfigurationList;
			buildConfigurations = (
				9DDA4B5D2A15AFB300133B2E /* Debug */,
				9DDA4B5E2A15AFB300133B2E /* Release */,
			);
			defaultConfigurationIsVisible = 0;
			defaultConfigurationName = Release;
		};
		9DDA4B5F2A15AFB300133B2E /* Build configuration list for PBXNativeTarget "WordNadoFinalTests" */ = {
			isa = XCConfigurationList;
			buildConfigurations = (
				9DDA4B602A15AFB300133B2E /* Debug */,
				9DDA4B612A15AFB300133B2E /* Release */,
			);
			defaultConfigurationIsVisible = 0;
			defaultConfigurationName = Release;
		};
		9DDA4B622A15AFB300133B2E /* Build configuration list for PBXNativeTarget "WordNadoFinalUITests" */ = {
			isa = XCConfigurationList;
			buildConfigurations = (
				9DDA4B632A15AFB300133B2E /* Debug */,
				9DDA4B642A15AFB300133B2E /* Release */,
			);
			defaultConfigurationIsVisible = 0;
			defaultConfigurationName = Release;
		};
/* End XCConfigurationList section */
	};
	rootObject = 9DDA4B302A15AFB000133B2E /* Project object */;
}
